// !$*UTF8*$!
{
	archiveVersion = 1;
	classes = {
	};
	objectVersion = 48;
	objects = {

/* Begin PBXBuildFile section */
		7ED86A6B1FAD51A20095EC65 /* AppDelegate.swift in Sources */ = {isa = PBXBuildFile; fileRef = 7ED86A6A1FAD51A20095EC65 /* AppDelegate.swift */; };
		7ED86A6D1FAD51A20095EC65 /* ViewController.swift in Sources */ = {isa = PBXBuildFile; fileRef = 7ED86A6C1FAD51A20095EC65 /* ViewController.swift */; };
		7ED86A701FAD51A20095EC65 /* Main.storyboard in Resources */ = {isa = PBXBuildFile; fileRef = 7ED86A6E1FAD51A20095EC65 /* Main.storyboard */; };
		7ED86A721FAD51A20095EC65 /* Assets.xcassets in Resources */ = {isa = PBXBuildFile; fileRef = 7ED86A711FAD51A20095EC65 /* Assets.xcassets */; };
		7ED86A751FAD51A20095EC65 /* LaunchScreen.storyboard in Resources */ = {isa = PBXBuildFile; fileRef = 7ED86A731FAD51A20095EC65 /* LaunchScreen.storyboard */; };
		7ED86A811FAD54650095EC65 /* zyk.framework in Frameworks */ = {isa = PBXBuildFile; fileRef = 7ED86A801FAD52A80095EC65 /* zyk.framework */; };
		7ED86A821FAD54650095EC65 /* zyk.framework in Embed Frameworks */ = {isa = PBXBuildFile; fileRef = 7ED86A801FAD52A80095EC65 /* zyk.framework */; settings = {ATTRIBUTES = (CodeSignOnCopy, RemoveHeadersOnCopy, ); }; };
/* End PBXBuildFile section */

/* Begin PBXCopyFilesBuildPhase section */
		7ED86A7F1FAD51BA0095EC65 /* Embed Frameworks */ = {
			isa = PBXCopyFilesBuildPhase;
			buildActionMask = 2147483647;
			dstPath = "";
			dstSubfolderSpec = 10;
			files = (
				7ED86A821FAD54650095EC65 /* zyk.framework in Embed Frameworks */,
			);
			name = "Embed Frameworks";
			runOnlyForDeploymentPostprocessing = 0;
		};
/* End PBXCopyFilesBuildPhase section */

/* Begin PBXFileReference section */
		7ED86A671FAD51A20095EC65 /* TestWebViewJS.app */ = {isa = PBXFileReference; explicitFileType = wrapper.application; includeInIndex = 0; path = TestWebViewJS.app; sourceTree = BUILT_PRODUCTS_DIR; };
		7ED86A6A1FAD51A20095EC65 /* AppDelegate.swift */ = {isa = PBXFileReference; lastKnownFileType = sourcecode.swift; path = AppDelegate.swift; sourceTree = "<group>"; };
		7ED86A6C1FAD51A20095EC65 /* ViewController.swift */ = {isa = PBXFileReference; lastKnownFileType = sourcecode.swift; path = ViewController.swift; sourceTree = "<group>"; };
		7ED86A6F1FAD51A20095EC65 /* Base */ = {isa = PBXFileReference; lastKnownFileType = file.storyboard; name = Base; path = Base.lproj/Main.storyboard; sourceTree = "<group>"; };
		7ED86A711FAD51A20095EC65 /* Assets.xcassets */ = {isa = PBXFileReference; lastKnownFileType = folder.assetcatalog; path = Assets.xcassets; sourceTree = "<group>"; };
		7ED86A741FAD51A20095EC65 /* Base */ = {isa = PBXFileReference; lastKnownFileType = file.storyboard; name = Base; path = Base.lproj/LaunchScreen.storyboard; sourceTree = "<group>"; };
		7ED86A761FAD51A20095EC65 /* Info.plist */ = {isa = PBXFileReference; lastKnownFileType = text.plist.xml; path = Info.plist; sourceTree = "<group>"; };
		7ED86A801FAD52A80095EC65 /* zyk.framework */ = {isa = PBXFileReference; lastKnownFileType = wrapper.framework; path = zyk.framework; sourceTree = "<group>"; };
/* End PBXFileReference section */

/* Begin PBXFrameworksBuildPhase section */
		7ED86A641FAD51A20095EC65 /* Frameworks */ = {
			isa = PBXFrameworksBuildPhase;
			buildActionMask = 2147483647;
			files = (
				7ED86A811FAD54650095EC65 /* zyk.framework in Frameworks */,
			);
			runOnlyForDeploymentPostprocessing = 0;
		};
/* End PBXFrameworksBuildPhase section */

/* Begin PBXGroup section */
		7ED86A5E1FAD51A20095EC65 = {
			isa = PBXGroup;
			children = (
				7ED86A691FAD51A20095EC65 /* TestWebViewJS */,
				7ED86A681FAD51A20095EC65 /* Products */,
			);
			sourceTree = "<group>";
		};
		7ED86A681FAD51A20095EC65 /* Products */ = {
			isa = PBXGroup;
			children = (
				7ED86A671FAD51A20095EC65 /* TestWebViewJS.app */,
			);
			name = Products;
			sourceTree = "<group>";
		};
		7ED86A691FAD51A20095EC65 /* TestWebViewJS */ = {
			isa = PBXGroup;
			children = (
				7ED86A6A1FAD51A20095EC65 /* AppDelegate.swift */,
				7ED86A6C1FAD51A20095EC65 /* ViewController.swift */,
				7ED86A6E1FAD51A20095EC65 /* Main.storyboard */,
				7ED86A801FAD52A80095EC65 /* zyk.framework */,
				7ED86A711FAD51A20095EC65 /* Assets.xcassets */,
				7ED86A731FAD51A20095EC65 /* LaunchScreen.storyboard */,
				7ED86A761FAD51A20095EC65 /* Info.plist */,
			);
			path = TestWebViewJS;
			sourceTree = "<group>";
		};
/* End PBXGroup section */

/* Begin PBXNativeTarget section */
		7ED86A661FAD51A20095EC65 /* TestWebViewJS */ = {
			isa = PBXNativeTarget;
			buildConfigurationList = 7ED86A791FAD51A20095EC65 /* Build configuration list for PBXNativeTarget "TestWebViewJS" */;
			buildPhases = (
				7ED86A631FAD51A20095EC65 /* Sources */,
				7ED86A641FAD51A20095EC65 /* Frameworks */,
				7ED86A651FAD51A20095EC65 /* Resources */,
				7ED86A7F1FAD51BA0095EC65 /* Embed Frameworks */,
			);
			buildRules = (
			);
			dependencies = (
			);
			name = TestWebViewJS;
			productName = TestWebViewJS;
			productReference = 7ED86A671FAD51A20095EC65 /* TestWebViewJS.app */;
			productType = "com.apple.product-type.application";
		};
/* End PBXNativeTarget section */

/* Begin PBXProject section */
		7ED86A5F1FAD51A20095EC65 /* Project object */ = {
			isa = PBXProject;
			attributes = {
				LastSwiftUpdateCheck = 0900;
				LastUpgradeCheck = 0900;
				ORGANIZATIONNAME = huangteng;
				TargetAttributes = {
					7ED86A661FAD51A20095EC65 = {
						CreatedOnToolsVersion = 9.0;
						ProvisioningStyle = Automatic;
					};
				};
			};
			buildConfigurationList = 7ED86A621FAD51A20095EC65 /* Build configuration list for PBXProject "TestWebViewJS" */;
			compatibilityVersion = "Xcode 8.0";
			developmentRegion = en;
			hasScannedForEncodings = 0;
			knownRegions = (
				en,
				Base,
			);
			mainGroup = 7ED86A5E1FAD51A20095EC65;
			productRefGroup = 7ED86A681FAD51A20095EC65 /* Products */;
			projectDirPath = "";
			projectRoot = "";
			targets = (
				7ED86A661FAD51A20095EC65 /* TestWebViewJS */,
			);
		};
/* End PBXProject section */

/* Begin PBXResourcesBuildPhase section */
		7ED86A651FAD51A20095EC65 /* Resources */ = {
			isa = PBXResourcesBuildPhase;
			buildActionMask = 2147483647;
			files = (
				7ED86A751FAD51A20095EC65 /* LaunchScreen.storyboard in Resources */,
				7ED86A721FAD51A20095EC65 /* Assets.xcassets in Resources */,
				7ED86A701FAD51A20095EC65 /* Main.storyboard in Resources */,
			);
			runOnlyForDeploymentPostprocessing = 0;
		};
/* End PBXResourcesBuildPhase section */

/* Begin PBXSourcesBuildPhase section */
		7ED86A631FAD51A20095EC65 /* Sources */ = {
			isa = PBXSourcesBuildPhase;
			buildActionMask = 2147483647;
			files = (
				7ED86A6D1FAD51A20095EC65 /* ViewController.swift in Sources */,
				7ED86A6B1FAD51A20095EC65 /* AppDelegate.swift in Sources */,
			);
			runOnlyForDeploymentPostprocessing = 0;
		};
/* End PBXSourcesBuildPhase section */

/* Begin PBXVariantGroup section */
		7ED86A6E1FAD51A20095EC65 /* Main.storyboard */ = {
			isa = PBXVariantGroup;
			children = (
				7ED86A6F1FAD51A20095EC65 /* Base */,
			);
			name = Main.storyboard;
			sourceTree = "<group>";
		};
		7ED86A731FAD51A20095EC65 /* LaunchScreen.storyboard */ = {
			isa = PBXVariantGroup;
			children = (
				7ED86A741FAD51A20095EC65 /* Base */,
			);
			name = LaunchScreen.storyboard;
			sourceTree = "<group>";
		};
/* End PBXVariantGroup section */

/* Begin XCBuildConfiguration section */
		7ED86A771FAD51A20095EC65 /* Debug */ = {
			isa = XCBuildConfiguration;
			buildSettings = {
				ALWAYS_SEARCH_USER_PATHS = NO;
				CLANG_ANALYZER_NONNULL = YES;
				CLANG_ANALYZER_NUMBER_OBJECT_CONVERSION = YES_AGGRESSIVE;
				CLANG_CXX_LANGUAGE_STANDARD = "gnu++14";
				CLANG_CXX_LIBRARY = "libc++";
				CLANG_ENABLE_MODULES = YES;
				CLANG_ENABLE_OBJC_ARC = YES;
				CLANG_WARN_BLOCK_CAPTURE_AUTORELEASING = YES;
				CLANG_WARN_BOOL_CONVERSION = YES;
				CLANG_WARN_COMMA = YES;
				CLANG_WARN_CONSTANT_CONVERSION = YES;
				CLANG_WARN_DIRECT_OBJC_ISA_USAGE = YES_ERROR;
				CLANG_WARN_DOCUMENTATION_COMMENTS = YES;
				CLANG_WARN_EMPTY_BODY = YES;
				CLANG_WARN_ENUM_CONVERSION = YES;
				CLANG_WARN_INFINITE_RECURSION = YES;
				CLANG_WARN_INT_CONVERSION = YES;
				CLANG_WARN_NON_LITERAL_NULL_CONVERSION = YES;
				CLANG_WARN_OBJC_LITERAL_CONVERSION = YES;
				CLANG_WARN_OBJC_ROOT_CLASS = YES_ERROR;
				CLANG_WARN_RANGE_LOOP_ANALYSIS = YES;
				CLANG_WARN_STRICT_PROTOTYPES = YES;
				CLANG_WARN_SUSPICIOUS_MOVE = YES;
				CLANG_WARN_UNGUARDED_AVAILABILITY = YES_AGGRESSIVE;
				CLANG_WARN_UNREACHABLE_CODE = YES;
				CLANG_WARN__DUPLICATE_METHOD_MATCH = YES;
				CODE_SIGN_IDENTITY = "iPhone Developer";
				COPY_PHASE_STRIP = NO;
				DEBUG_INFORMATION_FORMAT = dwarf;
				ENABLE_STRICT_OBJC_MSGSEND = YES;
				ENABLE_TESTABILITY = YES;
				GCC_C_LANGUAGE_STANDARD = gnu11;
				GCC_DYNAMIC_NO_PIC = NO;
				GCC_NO_COMMON_BLOCKS = YES;
				GCC_OPTIMIZATION_LEVEL = 0;
				GCC_PREPROCESSOR_DEFINITIONS = (
					"DEBUG=1",
					"$(inherited)",
				);
				GCC_WARN_64_TO_32_BIT_CONVERSION = YES;
				GCC_WARN_ABOUT_RETURN_TYPE = YES_ERROR;
				GCC_WARN_UNDECLARED_SELECTOR = YES;
				GCC_WARN_UNINITIALIZED_AUTOS = YES_AGGRESSIVE;
				GCC_WARN_UNUSED_FUNCTION = YES;
				GCC_WARN_UNUSED_VARIABLE = YES;
				IPHONEOS_DEPLOYMENT_TARGET = 11.0;
				MTL_ENABLE_DEBUG_INFO = YES;
				ONLY_ACTIVE_ARCH = YES;
				SDKROOT = iphoneos;
				SWIFT_ACTIVE_COMPILATION_CONDITIONS = DEBUG;
				SWIFT_OPTIMIZATION_LEVEL = "-Onone";
			};
			name = Debug;
		};
		7ED86A781FAD51A20095EC65 /* Release */ = {
			isa = XCBuildConfiguration;
			buildSettings = {
				ALWAYS_SEARCH_USER_PATHS = NO;
				CLANG_ANALYZER_NONNULL = YES;
				CLANG_ANALYZER_NUMBER_OBJECT_CONVERSION = YES_AGGRESSIVE;
				CLANG_CXX_LANGUAGE_STANDARD = "gnu++14";
				CLANG_CXX_LIBRARY = "libc++";
				CLANG_ENABLE_MODULES = YES;
				CLANG_ENABLE_OBJC_ARC = YES;
				CLANG_WARN_BLOCK_CAPTURE_AUTORELEASING = YES;
				CLANG_WARN_BOOL_CONVERSION = YES;
				CLANG_WARN_COMMA = YES;
				CLANG_WARN_CONSTANT_CONVERSION = YES;
				CLANG_WARN_DIRECT_OBJC_ISA_USAGE = YES_ERROR;
				CLANG_WARN_DOCUMENTATION_COMMENTS = YES;
				CLANG_WARN_EMPTY_BODY = YES;
				CLANG_WARN_ENUM_CONVERSION = YES;
				CLANG_WARN_INFINITE_RECURSION = YES;
				CLANG_WARN_INT_CONVERSION = YES;
				CLANG_WARN_NON_LITERAL_NULL_CONVERSION = YES;
				CLANG_WARN_OBJC_LITERAL_CONVERSION = YES;
				CLANG_WARN_OBJC_ROOT_CLASS = YES_ERROR;
				CLANG_WARN_RANGE_LOOP_ANALYSIS = YES;
				CLANG_WARN_STRICT_PROTOTYPES = YES;
				CLANG_WARN_SUSPICIOUS_MOVE = YES;
				CLANG_WARN_UNGUARDED_AVAILABILITY = YES_AGGRESSIVE;
				CLANG_WARN_UNREACHABLE_CODE = YES;
				CLANG_WARN__DUPLICATE_METHOD_MATCH = YES;
				CODE_SIGN_IDENTITY = "iPhone Developer";
				COPY_PHASE_STRIP = NO;
				DEBUG_INFORMATION_FORMAT = "dwarf-with-dsym";
				ENABLE_NS_ASSERTIONS = NO;
				ENABLE_STRICT_OBJC_MSGSEND = YES;
				GCC_C_LANGUAGE_STANDARD = gnu11;
				GCC_NO_COMMON_BLOCKS = YES;
				GCC_WARN_64_TO_32_BIT_CONVERSION = YES;
				GCC_WARN_ABOUT_RETURN_TYPE = YES_ERROR;
				GCC_WARN_UNDECLARED_SELECTOR = YES;
				GCC_WARN_UNINITIALIZED_AUTOS = YES_AGGRESSIVE;
				GCC_WARN_UNUSED_FUNCTION = YES;
				GCC_WARN_UNUSED_VARIABLE = YES;
				IPHONEOS_DEPLOYMENT_TARGET = 11.0;
				MTL_ENABLE_DEBUG_INFO = NO;
				SDKROOT = iphoneos;
				SWIFT_OPTIMIZATION_LEVEL = "-Owholemodule";
				VALIDATE_PRODUCT = YES;
			};
			name = Release;
		};
		7ED86A7A1FAD51A20095EC65 /* Debug */ = {
			isa = XCBuildConfiguration;
			buildSettings = {
				ASSETCATALOG_COMPILER_APPICON_NAME = AppIcon;
				CODE_SIGN_STYLE = Automatic;
				DEVELOPMENT_TEAM = 8NC9AT93C5;
				FRAMEWORK_SEARCH_PATHS = (
					"$(inherited)",
					"$(PROJECT_DIR)/TestWebViewJS",
				);
				INFOPLIST_FILE = TestWebViewJS/Info.plist;
				LD_RUNPATH_SEARCH_PATHS = "$(inherited) @executable_path/Frameworks";
				PRODUCT_BUNDLE_IDENTIFIER = com.huangteng.TestWebViewJS;
				PRODUCT_NAME = "$(TARGET_NAME)";
				SWIFT_VERSION = 4.0;
				TARGETED_DEVICE_FAMILY = "1,2";
			};
			name = Debug;
		};
		7ED86A7B1FAD51A20095EC65 /* Release */ = {
			isa = XCBuildConfiguration;
			buildSettings = {
				ASSETCATALOG_COMPILER_APPICON_NAME = AppIcon;
				CODE_SIGN_STYLE = Automatic;
				DEVELOPMENT_TEAM = 8NC9AT93C5;
				FRAMEWORK_SEARCH_PATHS = (
					"$(inherited)",
					"$(PROJECT_DIR)/TestWebViewJS",
				);
				INFOPLIST_FILE = TestWebViewJS/Info.plist;
				LD_RUNPATH_SEARCH_PATHS = "$(inherited) @executable_path/Frameworks";
				PRODUCT_BUNDLE_IDENTIFIER = com.huangteng.TestWebViewJS;
				PRODUCT_NAME = "$(TARGET_NAME)";
				SWIFT_VERSION = 4.0;
				TARGETED_DEVICE_FAMILY = "1,2";
			};
			name = Release;
		};
/* End XCBuildConfiguration section */

/* Begin XCConfigurationList section */
		7ED86A621FAD51A20095EC65 /* Build configuration list for PBXProject "TestWebViewJS" */ = {
			isa = XCConfigurationList;
			buildConfigurations = (
				7ED86A771FAD51A20095EC65 /* Debug */,
				7ED86A781FAD51A20095EC65 /* Release */,
			);
			defaultConfigurationIsVisible = 0;
			defaultConfigurationName = Release;
		};
		7ED86A791FAD51A20095EC65 /* Build configuration list for PBXNativeTarget "TestWebViewJS" */ = {
			isa = XCConfigurationList;
			buildConfigurations = (
				7ED86A7A1FAD51A20095EC65 /* Debug */,
				7ED86A7B1FAD51A20095EC65 /* Release */,
			);
			defaultConfigurationIsVisible = 0;
			defaultConfigurationName = Release;
		};
/* End XCConfigurationList section */
	};
	rootObject = 7ED86A5F1FAD51A20095EC65 /* Project object */;
}
